
Microsoft Visual Studio Solution File, Format Version 12.00
# Visual Studio Version 16
VisualStudioVersion = 16.0.29519.87
MinimumVisualStudioVersion = 10.0.40219.1
Project("{9A19103F-16F7-4668-BE54-9A1E7A4F7556}") = "ContainerShipmentV1", "ContainerShipmentV1\ContainerShipmentV1.csproj", "{99CB9C4F-E804-432F-8EB7-01D192838058}"
EndProject
Project("{9A19103F-16F7-4668-BE54-9A1E7A4F7556}") = "ContainerShipmentV2", "ContainerShipmentV2\ContainerShipmentV2.csproj", "{7BAF0115-CEE8-485B-9755-86405648671F}"
EndProject
Project("{FAE04EC0-301F-11D3-BF4B-00C04F79EFBC}") = "ContainerShipmentV2.Tests", "ContainerShipmentV2.Tests\ContainerShipmentV2.Tests.csproj", "{FB03766D-E9E2-4A5E-92F0-009FBD44FDF5}"
EndProject
Global
	GlobalSection(SolutionConfigurationPlatforms) = preSolution
		Debug|Any CPU = Debug|Any CPU
		Release|Any CPU = Release|Any CPU
	EndGlobalSection
	GlobalSection(ProjectConfigurationPlatforms) = postSolution
		{99CB9C4F-E804-432F-8EB7-01D192838058}.Debug|Any CPU.ActiveCfg = Debug|Any CPU
		{99CB9C4F-E804-432F-8EB7-01D192838058}.Debug|Any CPU.Build.0 = Debug|Any CPU
		{99CB9C4F-E804-432F-8EB7-01D192838058}.Release|Any CPU.ActiveCfg = Release|Any CPU
		{99CB9C4F-E804-432F-8EB7-01D192838058}.Release|Any CPU.Build.0 = Release|Any CPU
		{7BAF0115-CEE8-485B-9755-86405648671F}.Debug|Any CPU.ActiveCfg = Debug|Any CPU
		{7BAF0115-CEE8-485B-9755-86405648671F}.Debug|Any CPU.Build.0 = Debug|Any CPU
		{7BAF0115-CEE8-485B-9755-86405648671F}.Release|Any CPU.ActiveCfg = Release|Any CPU
		{7BAF0115-CEE8-485B-9755-86405648671F}.Release|Any CPU.Build.0 = Release|Any CPU
		{FB03766D-E9E2-4A5E-92F0-009FBD44FDF5}.Debug|Any CPU.ActiveCfg = Debug|Any CPU
		{FB03766D-E9E2-4A5E-92F0-009FBD44FDF5}.Debug|Any CPU.Build.0 = Debug|Any CPU
		{FB03766D-E9E2-4A5E-92F0-009FBD44FDF5}.Release|Any CPU.ActiveCfg = Release|Any CPU
		{FB03766D-E9E2-4A5E-92F0-009FBD44FDF5}.Release|Any CPU.Build.0 = Release|Any CPU
	EndGlobalSection
	GlobalSection(SolutionProperties) = preSolution
		HideSolutionNode = FALSE
	EndGlobalSection
	GlobalSection(ExtensibilityGlobals) = postSolution
		SolutionGuid = {139449EA-98D2-4C16-891F-3D2F0AEA44A4}
	EndGlobalSection
EndGlobal
